
Microsoft Visual Studio Solution File, Format Version 12.00
# Visual Studio 2012
Project("{FAE04EC0-301F-11D3-BF4B-00C04F79EFBC}") = "recursive descent parser", "recursive descent parser\recursive descent parser.csproj", "{5377E024-B16D-4481-8DBD-68798352FBEF}"
EndProject
Project("{FAE04EC0-301F-11D3-BF4B-00C04F79EFBC}") = "LexicalAnalyzer", "LexicalAnalyzer\LexicalAnalyzer.csproj", "{34C1B596-A51F-46F7-97CE-9FF24A71A57D}"
EndProject
Global
	GlobalSection(SolutionConfigurationPlatforms) = preSolution
		Debug|Any CPU = Debug|Any CPU
		Release|Any CPU = Release|Any CPU
	EndGlobalSection
	GlobalSection(ProjectConfigurationPlatforms) = postSolution
		{5377E024-B16D-4481-8DBD-68798352FBEF}.Debug|Any CPU.ActiveCfg = Debug|Any CPU
		{5377E024-B16D-4481-8DBD-68798352FBEF}.Debug|Any CPU.Build.0 = Debug|Any CPU
		{5377E024-B16D-4481-8DBD-68798352FBEF}.Release|Any CPU.ActiveCfg = Release|Any CPU
		{5377E024-B16D-4481-8DBD-68798352FBEF}.Release|Any CPU.Build.0 = Release|Any CPU
		{34C1B596-A51F-46F7-97CE-9FF24A71A57D}.Debug|Any CPU.ActiveCfg = Debug|Any CPU
		{34C1B596-A51F-46F7-97CE-9FF24A71A57D}.Debug|Any CPU.Build.0 = Debug|Any CPU
		{34C1B596-A51F-46F7-97CE-9FF24A71A57D}.Release|Any CPU.ActiveCfg = Release|Any CPU
		{34C1B596-A51F-46F7-97CE-9FF24A71A57D}.Release|Any CPU.Build.0 = Release|Any CPU
	EndGlobalSection
	GlobalSection(SolutionProperties) = preSolution
		HideSolutionNode = FALSE
	EndGlobalSection
EndGlobal
