
Microsoft Visual Studio Solution File, Format Version 12.00
# Visual Studio 2012
Project("{FAE04EC0-301F-11D3-BF4B-00C04F79EFBC}") = "recursive descent parser", "recursive descent parser\recursive descent parser.csproj", "{5377E024-B16D-4481-8DBD-68798352FBEF}"
EndProject
Project("{FAE04EC0-301F-11D3-BF4B-00C04F79EFBC}") = "LexicalAnalyzer", "LexicalAnalyzer\LexicalAnalyzer.csproj", "{34C1B596-A51F-46F7-97CE-9FF24A71A57D}"
EndProject
Project("{FAE04EC0-301F-11D3-BF4B-00C04F79EFBC}") = "LexicalAnalyzer.Test", "LexicalAnalyzer.Test\LexicalAnalyzer.Test.csproj", "{E1FA2B10-3AB6-4F84-AF26-5AC647837042}"
EndProject
Project("{FAE04EC0-301F-11D3-BF4B-00C04F79EFBC}") = "SemanticAnalyzer", "SemanticAnalyzer\SemanticAnalyzer.csproj", "{FA5D8E8F-F127-4BAA-AA3B-3B07A65A1F79}"
EndProject
Project("{FAE04EC0-301F-11D3-BF4B-00C04F79EFBC}") = "SemanticAnalyzer.Test", "SemanticAnalyzer.Test\SemanticAnalyzer.Test.csproj", "{6AE05262-C5C6-4292-BE21-8E81652547AD}"
EndProject
Project("{FAE04EC0-301F-11D3-BF4B-00C04F79EFBC}") = "RDP.Integration.Test", "RDP.Integration.Test\RDP.Integration.Test.csproj", "{C54321D7-3C83-4259-A215-883011768BE1}"
EndProject
Project("{FAE04EC0-301F-11D3-BF4B-00C04F79EFBC}") = "rule based inference engine", "rule based inference engine\rule based inference engine.csproj", "{AB39FDDF-C89B-42D2-BFA7-0E8CF372CC4E}"
EndProject
Global
	GlobalSection(SolutionConfigurationPlatforms) = preSolution
		Debug|Any CPU = Debug|Any CPU
		Release|Any CPU = Release|Any CPU
	EndGlobalSection
	GlobalSection(ProjectConfigurationPlatforms) = postSolution
		{5377E024-B16D-4481-8DBD-68798352FBEF}.Debug|Any CPU.ActiveCfg = Debug|Any CPU
		{5377E024-B16D-4481-8DBD-68798352FBEF}.Debug|Any CPU.Build.0 = Debug|Any CPU
		{5377E024-B16D-4481-8DBD-68798352FBEF}.Release|Any CPU.ActiveCfg = Release|Any CPU
		{5377E024-B16D-4481-8DBD-68798352FBEF}.Release|Any CPU.Build.0 = Release|Any CPU
		{34C1B596-A51F-46F7-97CE-9FF24A71A57D}.Debug|Any CPU.ActiveCfg = Debug|Any CPU
		{34C1B596-A51F-46F7-97CE-9FF24A71A57D}.Debug|Any CPU.Build.0 = Debug|Any CPU
		{34C1B596-A51F-46F7-97CE-9FF24A71A57D}.Release|Any CPU.ActiveCfg = Release|Any CPU
		{34C1B596-A51F-46F7-97CE-9FF24A71A57D}.Release|Any CPU.Build.0 = Release|Any CPU
		{E1FA2B10-3AB6-4F84-AF26-5AC647837042}.Debug|Any CPU.ActiveCfg = Debug|Any CPU
		{E1FA2B10-3AB6-4F84-AF26-5AC647837042}.Debug|Any CPU.Build.0 = Debug|Any CPU
		{E1FA2B10-3AB6-4F84-AF26-5AC647837042}.Release|Any CPU.ActiveCfg = Release|Any CPU
		{E1FA2B10-3AB6-4F84-AF26-5AC647837042}.Release|Any CPU.Build.0 = Release|Any CPU
		{FA5D8E8F-F127-4BAA-AA3B-3B07A65A1F79}.Debug|Any CPU.ActiveCfg = Debug|Any CPU
		{FA5D8E8F-F127-4BAA-AA3B-3B07A65A1F79}.Debug|Any CPU.Build.0 = Debug|Any CPU
		{FA5D8E8F-F127-4BAA-AA3B-3B07A65A1F79}.Release|Any CPU.ActiveCfg = Release|Any CPU
		{FA5D8E8F-F127-4BAA-AA3B-3B07A65A1F79}.Release|Any CPU.Build.0 = Release|Any CPU
		{6AE05262-C5C6-4292-BE21-8E81652547AD}.Debug|Any CPU.ActiveCfg = Debug|Any CPU
		{6AE05262-C5C6-4292-BE21-8E81652547AD}.Debug|Any CPU.Build.0 = Debug|Any CPU
		{6AE05262-C5C6-4292-BE21-8E81652547AD}.Release|Any CPU.ActiveCfg = Release|Any CPU
		{6AE05262-C5C6-4292-BE21-8E81652547AD}.Release|Any CPU.Build.0 = Release|Any CPU
		{C54321D7-3C83-4259-A215-883011768BE1}.Debug|Any CPU.ActiveCfg = Debug|Any CPU
		{C54321D7-3C83-4259-A215-883011768BE1}.Debug|Any CPU.Build.0 = Debug|Any CPU
		{C54321D7-3C83-4259-A215-883011768BE1}.Release|Any CPU.ActiveCfg = Release|Any CPU
		{C54321D7-3C83-4259-A215-883011768BE1}.Release|Any CPU.Build.0 = Release|Any CPU
		{AB39FDDF-C89B-42D2-BFA7-0E8CF372CC4E}.Debug|Any CPU.ActiveCfg = Debug|Any CPU
		{AB39FDDF-C89B-42D2-BFA7-0E8CF372CC4E}.Debug|Any CPU.Build.0 = Debug|Any CPU
		{AB39FDDF-C89B-42D2-BFA7-0E8CF372CC4E}.Release|Any CPU.ActiveCfg = Release|Any CPU
		{AB39FDDF-C89B-42D2-BFA7-0E8CF372CC4E}.Release|Any CPU.Build.0 = Release|Any CPU
	EndGlobalSection
	GlobalSection(SolutionProperties) = preSolution
		HideSolutionNode = FALSE
	EndGlobalSection
EndGlobal
